
Microsoft Visual Studio Solution File, Format Version 12.00
# Visual Studio Version 17
VisualStudioVersion = 17.0.32014.148
MinimumVisualStudioVersion = 10.0.40219.1
Project("{FAE04EC0-301F-11D3-BF4B-00C04F79EFBC}") = "AlertTakeOff", "AlertTakeOff\AlertTakeOff.csproj", "{CBC5973C-05E1-4127-ADD0-FCE5862EACBC}"
EndProject
Global
	GlobalSection(SolutionConfigurationPlatforms) = preSolution
		Debug|Any CPU = Debug|Any CPU
		Release|Any CPU = Release|Any CPU
	EndGlobalSection
	GlobalSection(ProjectConfigurationPlatforms) = postSolution
		{CBC5973C-05E1-4127-ADD0-FCE5862EACBC}.Debug|Any CPU.ActiveCfg = Debug|Any CPU
		{CBC5973C-05E1-4127-ADD0-FCE5862EACBC}.Debug|Any CPU.Build.0 = Debug|Any CPU
		{CBC5973C-05E1-4127-ADD0-FCE5862EACBC}.Release|Any CPU.ActiveCfg = Release|Any CPU
		{CBC5973C-05E1-4127-ADD0-FCE5862EACBC}.Release|Any CPU.Build.0 = Release|Any CPU
	EndGlobalSection
	GlobalSection(SolutionProperties) = preSolution
		HideSolutionNode = FALSE
	EndGlobalSection
	GlobalSection(ExtensibilityGlobals) = postSolution
		SolutionGuid = {56E6EAD6-FA3B-4BA2-AEB5-7FBDC5AD6BE1}
	EndGlobalSection
EndGlobal
